
Microsoft Visual Studio Solution File, Format Version 12.00
# Visual Studio Version 16
VisualStudioVersion = 16.0.29519.87
MinimumVisualStudioVersion = 10.0.40219.1
Project("{FAE04EC0-301F-11D3-BF4B-00C04F79EFBC}") = "Pagination_with_MVC_and_MongoDB", "Pagination_with_MVC_and_MongoDB.csproj", "{B243246D-9E87-4539-9DDD-78EC4F944457}"
EndProject
Global
	GlobalSection(SolutionConfigurationPlatforms) = preSolution
		Debug|Any CPU = Debug|Any CPU
		Release|Any CPU = Release|Any CPU
	EndGlobalSection
	GlobalSection(ProjectConfigurationPlatforms) = postSolution
		{B243246D-9E87-4539-9DDD-78EC4F944457}.Debug|Any CPU.ActiveCfg = Debug|Any CPU
		{B243246D-9E87-4539-9DDD-78EC4F944457}.Debug|Any CPU.Build.0 = Debug|Any CPU
		{B243246D-9E87-4539-9DDD-78EC4F944457}.Release|Any CPU.ActiveCfg = Release|Any CPU
		{B243246D-9E87-4539-9DDD-78EC4F944457}.Release|Any CPU.Build.0 = Release|Any CPU
	EndGlobalSection
	GlobalSection(SolutionProperties) = preSolution
		HideSolutionNode = FALSE
	EndGlobalSection
	GlobalSection(ExtensibilityGlobals) = postSolution
		SolutionGuid = {8E12F3CC-646B-4920-A205-A49FDA8F5A58}
	EndGlobalSection
EndGlobal
